# This file is autogenerated, do not edit; changes may be undone by the next 'dep ensure'.


[[projects]]
  branch = "master"
  digest = "1:30d4a548e09bca4a0c77317c58e7407e2a65c15325e944f9c08a7b7992f8a59e"
  name = "github.com/btcsuite/btclog"
  packages = ["."]
  pruneopts = "UT"
  revision = "84c8d2346e9fc8c7b947e243b9c24e6df9fd206a"

[[projects]]
  branch = "master"
  digest = "1:1e6b2f7aa98b082c30a1303c29a702c369b2ec6d86b74a599bc8bbe2333db299"
  name = "github.com/btcsuite/go-socks"
  packages = ["socks"]
  pruneopts = "UT"
  revision = "4720035b7bfd2a9bb130b1c184f8bbe41b6f0d0f"

[[projects]]
  branch = "master"
  digest = "1:49ad1acb33bb5b40c0d197321d3cf9ee9a29eb02f4765ab7c316e08983eb7559"
  name = "github.com/btcsuite/golangcrypto"
  packages = ["ripemd160"]
  pruneopts = "UT"
  revision = "53f62d9b43e87a6c56975cf862af7edf33a8d0df"

[[projects]]
  branch = "master"
  digest = "1:0b2242fd2f4f51fb491e97e204464f75da680897a0db10ec7554c87b71b5afc3"
  name = "github.com/btcsuite/websocket"
  packages = ["."]
  pruneopts = "UT"
  revision = "31079b6807923eb23992c421b114992b95131b55"

[[projects]]
  digest = "1:aacef5f5e45685f2aeda5534d0a750dee6859de7e9088cdd06192787bb01ae6d"
  name = "github.com/go-errors/errors"
  packages = ["."]
  pruneopts = "UT"
  revision = "a6af135bd4e28680facf08a3d206b454abc877a4"
  version = "v1.0.1"

[[projects]]
  branch = "master"
  digest = "1:6dbeec60ae049198a640f2491ed98d97da50763b12e674c6b35adc11312e6c67"
  name = "github.com/romanornr/CryptoTwitterTipBot"
  packages = ["insightjson"]
  pruneopts = "UT"
  revision = "94a025c04e2f70a0ad2fc1b0af94c2226d9d025b"

[[projects]]
  branch = "master"
  digest = "1:032cc2fd612a171f2f3a978515d940c1a1ea175a29d4767d23411a4f9310ab12"
  name = "github.com/viacoin/viad"
  packages = [
    "btcec",
    "btcjson",
    "chaincfg",
    "chaincfg/chainhash",
    "rpcclient",
    "txscript",
    "wire",
  ]
  pruneopts = "UT"
  revision = "65fc0aa9fc9238d39504ca7fbbf6fc96900b136b"

[[projects]]
  branch = "master"
  digest = "1:e6ba611438f387130d1650f492614d6532460e401f22af36b5458dc2c12e1893"
  name = "github.com/viacoin/viautil"
  packages = [
    ".",
    "base58",
    "bech32",
  ]
  pruneopts = "UT"
  revision = "ed9ec48290bc085ae179946a14675bf2249fc718"

[[projects]]
  branch = "master"
  digest = "1:84b888033c0f8aa9a720ca91b739bdc8c1a91da6a5dd14b7ed5b1444d1e132e9"
  name = "github.com/viacoin/viawallet"
  packages = ["wallet/txrules"]
  pruneopts = "UT"
  revision = "a775b77c2dc41cc00d3156bc7b57e2ac9776a232"

[[projects]]
  branch = "master"
  digest = "1:734c27157144367f37acd13536569700f61f01576c4a5e9665ccb76f79966d97"
  name = "golang.org/x/crypto"
  packages = [
    "pbkdf2",
    "ripemd160",
    "scrypt",
  ]
  pruneopts = "UT"
  revision = "505ab145d0a99da450461ae2c1a9f6cd10d1f447"

[solve-meta]
  analyzer-name = "dep"
  analyzer-version = 1
  input-imports = [
    "github.com/btcsuite/golangcrypto/ripemd160",
    "github.com/go-errors/errors",
    "github.com/romanornr/CryptoTwitterTipBot/insightjson",
    "github.com/viacoin/viad/btcec",
    "github.com/viacoin/viad/chaincfg",
    "github.com/viacoin/viad/chaincfg/chainhash",
    "github.com/viacoin/viad/rpcclient",
    "github.com/viacoin/viad/txscript",
    "github.com/viacoin/viad/wire",
    "github.com/viacoin/viautil",
    "github.com/viacoin/viawallet/wallet/txrules",
  ]
  solver-name = "gps-cdcl"
  solver-version = 1
